
Microsoft Visual Studio Solution File, Format Version 12.00
# Visual Studio 15
VisualStudioVersion = 15.0.28307.1340
MinimumVisualStudioVersion = 10.0.40219.1
Project("{FAE04EC0-301F-11D3-BF4B-00C04F79EFBC}") = "FlightBackOffice", "FlightBackOffice\FlightBackOffice.csproj", "{3D5855CE-4BB0-4A8E-A52E-34770291849D}"
EndProject
Project("{E24C65DC-7377-472B-9ABA-BC803B73C61A}") = "FlightFrontOffice", "FlightFrontOffice\", "{29E40E5D-1374-43D6-8257-A010E1B9BAF6}"
	ProjectSection(WebsiteProperties) = preProject
		TargetFrameworkMoniker = ".NETFramework,Version%3Dv4.6.1"
		ProjectReferences = "{4a302ef4-e441-4b6e-8083-169d87b9e122}|FlightClasses.dll;"
		Debug.AspNetCompiler.VirtualPath = "/localhost_53693"
		Debug.AspNetCompiler.PhysicalPath = "FlightFrontOffice\"
		Debug.AspNetCompiler.TargetPath = "PrecompiledWeb\localhost_53693\"
		Debug.AspNetCompiler.Updateable = "true"
		Debug.AspNetCompiler.ForceOverwrite = "true"
		Debug.AspNetCompiler.FixedNames = "false"
		Debug.AspNetCompiler.Debug = "True"
		Release.AspNetCompiler.VirtualPath = "/localhost_53693"
		Release.AspNetCompiler.PhysicalPath = "FlightFrontOffice\"
		Release.AspNetCompiler.TargetPath = "PrecompiledWeb\localhost_53693\"
		Release.AspNetCompiler.Updateable = "true"
		Release.AspNetCompiler.ForceOverwrite = "true"
		Release.AspNetCompiler.FixedNames = "false"
		Release.AspNetCompiler.Debug = "False"
		VWDPort = "53693"
		SlnRelativePath = "FlightFrontOffice\"
		DefaultWebSiteLanguage = "Visual C#"
	EndProjectSection
EndProject
Project("{FAE04EC0-301F-11D3-BF4B-00C04F79EFBC}") = "FlightClasses", "FlightClasses\FlightClasses.csproj", "{4A302EF4-E441-4B6E-8083-169D87B9E122}"
EndProject
Project("{FAE04EC0-301F-11D3-BF4B-00C04F79EFBC}") = "FlightTesting", "FlightTesting\FlightTesting.csproj", "{574E6709-4E00-4502-BA0B-EA76FD5EEF58}"
EndProject
Global
	GlobalSection(SolutionConfigurationPlatforms) = preSolution
		Debug|Any CPU = Debug|Any CPU
		Release|Any CPU = Release|Any CPU
	EndGlobalSection
	GlobalSection(ProjectConfigurationPlatforms) = postSolution
		{3D5855CE-4BB0-4A8E-A52E-34770291849D}.Debug|Any CPU.ActiveCfg = Debug|Any CPU
		{3D5855CE-4BB0-4A8E-A52E-34770291849D}.Debug|Any CPU.Build.0 = Debug|Any CPU
		{3D5855CE-4BB0-4A8E-A52E-34770291849D}.Release|Any CPU.ActiveCfg = Release|Any CPU
		{3D5855CE-4BB0-4A8E-A52E-34770291849D}.Release|Any CPU.Build.0 = Release|Any CPU
		{29E40E5D-1374-43D6-8257-A010E1B9BAF6}.Debug|Any CPU.ActiveCfg = Debug|Any CPU
		{29E40E5D-1374-43D6-8257-A010E1B9BAF6}.Debug|Any CPU.Build.0 = Debug|Any CPU
		{29E40E5D-1374-43D6-8257-A010E1B9BAF6}.Release|Any CPU.ActiveCfg = Debug|Any CPU
		{29E40E5D-1374-43D6-8257-A010E1B9BAF6}.Release|Any CPU.Build.0 = Debug|Any CPU
		{4A302EF4-E441-4B6E-8083-169D87B9E122}.Debug|Any CPU.ActiveCfg = Debug|Any CPU
		{4A302EF4-E441-4B6E-8083-169D87B9E122}.Debug|Any CPU.Build.0 = Debug|Any CPU
		{4A302EF4-E441-4B6E-8083-169D87B9E122}.Release|Any CPU.ActiveCfg = Release|Any CPU
		{4A302EF4-E441-4B6E-8083-169D87B9E122}.Release|Any CPU.Build.0 = Release|Any CPU
		{574E6709-4E00-4502-BA0B-EA76FD5EEF58}.Debug|Any CPU.ActiveCfg = Debug|Any CPU
		{574E6709-4E00-4502-BA0B-EA76FD5EEF58}.Debug|Any CPU.Build.0 = Debug|Any CPU
		{574E6709-4E00-4502-BA0B-EA76FD5EEF58}.Release|Any CPU.ActiveCfg = Release|Any CPU
		{574E6709-4E00-4502-BA0B-EA76FD5EEF58}.Release|Any CPU.Build.0 = Release|Any CPU
	EndGlobalSection
	GlobalSection(SolutionProperties) = preSolution
		HideSolutionNode = FALSE
	EndGlobalSection
	GlobalSection(ExtensibilityGlobals) = postSolution
		SolutionGuid = {F860BEE0-BCD7-4172-9DC7-AEA69AD51492}
	EndGlobalSection
EndGlobal
